
Microsoft Visual Studio Solution File, Format Version 12.00
# Visual Studio Version 17
VisualStudioVersion = 17.9.34622.214
MinimumVisualStudioVersion = 10.0.40219.1
Project("{FAE04EC0-301F-11D3-BF4B-00C04F79EFBC}") = "AniTag", "AniTag\AniTag.csproj", "{B51B3735-4634-4740-ADBC-AC5C710B6BD9}"
EndProject
Global
	GlobalSection(SolutionConfigurationPlatforms) = preSolution
		Debug|Any CPU = Debug|Any CPU
		Release|Any CPU = Release|Any CPU
	EndGlobalSection
	GlobalSection(ProjectConfigurationPlatforms) = postSolution
		{B51B3735-4634-4740-ADBC-AC5C710B6BD9}.Debug|Any CPU.ActiveCfg = Debug|Any CPU
		{B51B3735-4634-4740-ADBC-AC5C710B6BD9}.Debug|Any CPU.Build.0 = Debug|Any CPU
		{B51B3735-4634-4740-ADBC-AC5C710B6BD9}.Release|Any CPU.ActiveCfg = Release|Any CPU
		{B51B3735-4634-4740-ADBC-AC5C710B6BD9}.Release|Any CPU.Build.0 = Release|Any CPU
	EndGlobalSection
	GlobalSection(SolutionProperties) = preSolution
		HideSolutionNode = FALSE
	EndGlobalSection
	GlobalSection(ExtensibilityGlobals) = postSolution
		SolutionGuid = {3F705244-95E3-4CD0-8685-F2C6BEF4543F}
	EndGlobalSection
EndGlobal
